
Microsoft Visual Studio Solution File, Format Version 12.00
# Visual Studio Version 17
VisualStudioVersion = 17.8.34525.116
MinimumVisualStudioVersion = 10.0.40219.1
Project("{FAE04EC0-301F-11D3-BF4B-00C04F79EFBC}") = "eUseControl.Web", "..\eUseControl.Web\eUseControl.Web.csproj", "{ADED6522-BFC1-4FA6-B732-049B8E9B539F}"
EndProject
Global
	GlobalSection(SolutionConfigurationPlatforms) = preSolution
		Debug|Any CPU = Debug|Any CPU
		Release|Any CPU = Release|Any CPU
	EndGlobalSection
	GlobalSection(ProjectConfigurationPlatforms) = postSolution
		{ADED6522-BFC1-4FA6-B732-049B8E9B539F}.Debug|Any CPU.ActiveCfg = Debug|Any CPU
		{ADED6522-BFC1-4FA6-B732-049B8E9B539F}.Debug|Any CPU.Build.0 = Debug|Any CPU
		{ADED6522-BFC1-4FA6-B732-049B8E9B539F}.Release|Any CPU.ActiveCfg = Release|Any CPU
		{ADED6522-BFC1-4FA6-B732-049B8E9B539F}.Release|Any CPU.Build.0 = Release|Any CPU
	EndGlobalSection
	GlobalSection(SolutionProperties) = preSolution
		HideSolutionNode = FALSE
	EndGlobalSection
	GlobalSection(ExtensibilityGlobals) = postSolution
		SolutionGuid = {81B297A8-1830-4795-85F8-52A7A68091D8}
	EndGlobalSection
EndGlobal
