
Microsoft Visual Studio Solution File, Format Version 12.00
# Visual Studio Version 17
VisualStudioVersion = 17.8.34525.116
MinimumVisualStudioVersion = 10.0.40219.1
Project("{FAE04EC0-301F-11D3-BF4B-00C04F79EFBC}") = "eUseControl.Web", "..\eUseControl.Web\eUseControl.Web.csproj", "{ADED6522-BFC1-4FA6-B732-049B8E9B539F}"
EndProject
Project("{FAE04EC0-301F-11D3-BF4B-00C04F79EFBC}") = "EnglishCourses.BusinessLogic", "EnglishCourses.BusinessLogic\EnglishCourses.BusinessLogic.csproj", "{45E68582-445A-4B1B-84D4-07A66A5F5C90}"
EndProject
Project("{FAE04EC0-301F-11D3-BF4B-00C04F79EFBC}") = "EnglishCourses.Domain", "EnglishCourses.Domain\EnglishCourses.Domain.csproj", "{5135AEF5-9A50-478A-BFDA-31A64FE31365}"
EndProject
Project("{FAE04EC0-301F-11D3-BF4B-00C04F79EFBC}") = "EnglishCourses.Helper", "EnglishCourses.Helper\EnglishCourses.Helper.csproj", "{1ED45AF8-9CDC-46F2-B461-4255B7D7CAAF}"
EndProject
Global
	GlobalSection(SolutionConfigurationPlatforms) = preSolution
		Debug|Any CPU = Debug|Any CPU
		Release|Any CPU = Release|Any CPU
	EndGlobalSection
	GlobalSection(ProjectConfigurationPlatforms) = postSolution
		{ADED6522-BFC1-4FA6-B732-049B8E9B539F}.Debug|Any CPU.ActiveCfg = Debug|Any CPU
		{ADED6522-BFC1-4FA6-B732-049B8E9B539F}.Debug|Any CPU.Build.0 = Debug|Any CPU
		{ADED6522-BFC1-4FA6-B732-049B8E9B539F}.Release|Any CPU.ActiveCfg = Release|Any CPU
		{ADED6522-BFC1-4FA6-B732-049B8E9B539F}.Release|Any CPU.Build.0 = Release|Any CPU
		{45E68582-445A-4B1B-84D4-07A66A5F5C90}.Debug|Any CPU.ActiveCfg = Debug|Any CPU
		{45E68582-445A-4B1B-84D4-07A66A5F5C90}.Debug|Any CPU.Build.0 = Debug|Any CPU
		{45E68582-445A-4B1B-84D4-07A66A5F5C90}.Release|Any CPU.ActiveCfg = Release|Any CPU
		{45E68582-445A-4B1B-84D4-07A66A5F5C90}.Release|Any CPU.Build.0 = Release|Any CPU
		{5135AEF5-9A50-478A-BFDA-31A64FE31365}.Debug|Any CPU.ActiveCfg = Debug|Any CPU
		{5135AEF5-9A50-478A-BFDA-31A64FE31365}.Debug|Any CPU.Build.0 = Debug|Any CPU
		{5135AEF5-9A50-478A-BFDA-31A64FE31365}.Release|Any CPU.ActiveCfg = Release|Any CPU
		{5135AEF5-9A50-478A-BFDA-31A64FE31365}.Release|Any CPU.Build.0 = Release|Any CPU
		{1ED45AF8-9CDC-46F2-B461-4255B7D7CAAF}.Debug|Any CPU.ActiveCfg = Debug|Any CPU
		{1ED45AF8-9CDC-46F2-B461-4255B7D7CAAF}.Debug|Any CPU.Build.0 = Debug|Any CPU
		{1ED45AF8-9CDC-46F2-B461-4255B7D7CAAF}.Release|Any CPU.ActiveCfg = Release|Any CPU
		{1ED45AF8-9CDC-46F2-B461-4255B7D7CAAF}.Release|Any CPU.Build.0 = Release|Any CPU
	EndGlobalSection
	GlobalSection(SolutionProperties) = preSolution
		HideSolutionNode = FALSE
	EndGlobalSection
	GlobalSection(ExtensibilityGlobals) = postSolution
		SolutionGuid = {81B297A8-1830-4795-85F8-52A7A68091D8}
	EndGlobalSection
EndGlobal
